
Microsoft Visual Studio Solution File, Format Version 12.00
# Visual Studio 15
VisualStudioVersion = 15.0.27004.2005
MinimumVisualStudioVersion = 10.0.40219.1
Project("{FAE04EC0-301F-11D3-BF4B-00C04F79EFBC}") = "MSBuild2018", "MSBuild2018\MSBuild2018.csproj", "{9EBCA644-0612-4880-93A4-B84208DDEC95}"
EndProject
Global
	GlobalSection(SolutionConfigurationPlatforms) = preSolution
		Debug|Any CPU = Debug|Any CPU
		Release|Any CPU = Release|Any CPU
	EndGlobalSection
	GlobalSection(ProjectConfigurationPlatforms) = postSolution
		{9EBCA644-0612-4880-93A4-B84208DDEC95}.Debug|Any CPU.ActiveCfg = Debug|Any CPU
		{9EBCA644-0612-4880-93A4-B84208DDEC95}.Debug|Any CPU.Build.0 = Debug|Any CPU
		{9EBCA644-0612-4880-93A4-B84208DDEC95}.Release|Any CPU.ActiveCfg = Release|Any CPU
		{9EBCA644-0612-4880-93A4-B84208DDEC95}.Release|Any CPU.Build.0 = Release|Any CPU
	EndGlobalSection
	GlobalSection(SolutionProperties) = preSolution
		HideSolutionNode = FALSE
	EndGlobalSection
	GlobalSection(ExtensibilityGlobals) = postSolution
		SolutionGuid = {2C041B9D-98BF-4CAB-B186-A07C0815DBE6}
	EndGlobalSection
EndGlobal
